// !$*UTF8*$!
{
	archiveVersion = 1;
	classes = {
	};
	objectVersion = 46;
	objects = {

/* Begin PBXBuildFile section */
		0138163C1D70348B00F9CFAD /* main.m in Sources */ = {isa = PBXBuildFile; fileRef = 0138163B1D70348B00F9CFAD /* main.m */; };
		0138163F1D70348B00F9CFAD /* AppDelegate.m in Sources */ = {isa = PBXBuildFile; fileRef = 0138163E1D70348B00F9CFAD /* AppDelegate.m */; };
		013816421D70348B00F9CFAD /* ViewController.m in Sources */ = {isa = PBXBuildFile; fileRef = 013816411D70348B00F9CFAD /* ViewController.m */; };
		013816451D70348B00F9CFAD /* Main.storyboard in Resources */ = {isa = PBXBuildFile; fileRef = 013816431D70348B00F9CFAD /* Main.storyboard */; };
		013816471D70348B00F9CFAD /* Assets.xcassets in Resources */ = {isa = PBXBuildFile; fileRef = 013816461D70348B00F9CFAD /* Assets.xcassets */; };
		0138164A1D70348B00F9CFAD /* LaunchScreen.storyboard in Resources */ = {isa = PBXBuildFile; fileRef = 013816481D70348B00F9CFAD /* LaunchScreen.storyboard */; };
		013816521D70355800F9CFAD /* MapKit.framework in Frameworks */ = {isa = PBXBuildFile; fileRef = 013816511D70355800F9CFAD /* MapKit.framework */; };
		013816541D70356000F9CFAD /* CoreLocation.framework in Frameworks */ = {isa = PBXBuildFile; fileRef = 013816531D70356000F9CFAD /* CoreLocation.framework */; };
		013816881D742DA000F9CFAD /* JZLocationConverter.m in Sources */ = {isa = PBXBuildFile; fileRef = 013816871D742DA000F9CFAD /* JZLocationConverter.m */; };
/* End PBXBuildFile section */

/* Begin PBXFileReference section */
		013816371D70348B00F9CFAD /* MKPointAnnotation-master.app */ = {isa = PBXFileReference; explicitFileType = wrapper.application; includeInIndex = 0; path = "MKPointAnnotation-master.app"; sourceTree = BUILT_PRODUCTS_DIR; };
		0138163B1D70348B00F9CFAD /* main.m */ = {isa = PBXFileReference; lastKnownFileType = sourcecode.c.objc; path = main.m; sourceTree = "<group>"; };
		0138163D1D70348B00F9CFAD /* AppDelegate.h */ = {isa = PBXFileReference; lastKnownFileType = sourcecode.c.h; path = AppDelegate.h; sourceTree = "<group>"; };
		0138163E1D70348B00F9CFAD /* AppDelegate.m */ = {isa = PBXFileReference; lastKnownFileType = sourcecode.c.objc; path = AppDelegate.m; sourceTree = "<group>"; };
		013816401D70348B00F9CFAD /* ViewController.h */ = {isa = PBXFileReference; lastKnownFileType = sourcecode.c.h; path = ViewController.h; sourceTree = "<group>"; };
		013816411D70348B00F9CFAD /* ViewController.m */ = {isa = PBXFileReference; lastKnownFileType = sourcecode.c.objc; path = ViewController.m; sourceTree = "<group>"; };
		013816441D70348B00F9CFAD /* Base */ = {isa = PBXFileReference; lastKnownFileType = file.storyboard; name = Base; path = Base.lproj/Main.storyboard; sourceTree = "<group>"; };
		013816461D70348B00F9CFAD /* Assets.xcassets */ = {isa = PBXFileReference; lastKnownFileType = folder.assetcatalog; path = Assets.xcassets; sourceTree = "<group>"; };
		013816491D70348B00F9CFAD /* Base */ = {isa = PBXFileReference; lastKnownFileType = file.storyboard; name = Base; path = Base.lproj/LaunchScreen.storyboard; sourceTree = "<group>"; };
		0138164B1D70348B00F9CFAD /* Info.plist */ = {isa = PBXFileReference; lastKnownFileType = text.plist.xml; path = Info.plist; sourceTree = "<group>"; };
		013816511D70355800F9CFAD /* MapKit.framework */ = {isa = PBXFileReference; lastKnownFileType = wrapper.framework; name = MapKit.framework; path = System/Library/Frameworks/MapKit.framework; sourceTree = SDKROOT; };
		013816531D70356000F9CFAD /* CoreLocation.framework */ = {isa = PBXFileReference; lastKnownFileType = wrapper.framework; name = CoreLocation.framework; path = System/Library/Frameworks/CoreLocation.framework; sourceTree = SDKROOT; };
		013816861D742DA000F9CFAD /* JZLocationConverter.h */ = {isa = PBXFileReference; fileEncoding = 4; lastKnownFileType = sourcecode.c.h; path = JZLocationConverter.h; sourceTree = "<group>"; };
		013816871D742DA000F9CFAD /* JZLocationConverter.m */ = {isa = PBXFileReference; fileEncoding = 4; lastKnownFileType = sourcecode.c.objc; path = JZLocationConverter.m; sourceTree = "<group>"; };
/* End PBXFileReference section */

/* Begin PBXFrameworksBuildPhase section */
		013816341D70348B00F9CFAD /* Frameworks */ = {
			isa = PBXFrameworksBuildPhase;
			buildActionMask = 2147483647;
			files = (
				013816541D70356000F9CFAD /* CoreLocation.framework in Frameworks */,
				013816521D70355800F9CFAD /* MapKit.framework in Frameworks */,
			);
			runOnlyForDeploymentPostprocessing = 0;
		};
/* End PBXFrameworksBuildPhase section */

/* Begin PBXGroup section */
		0138162E1D70348B00F9CFAD = {
			isa = PBXGroup;
			children = (
				013816531D70356000F9CFAD /* CoreLocation.framework */,
				013816511D70355800F9CFAD /* MapKit.framework */,
				013816391D70348B00F9CFAD /* MKPointAnnotation-master */,
				013816381D70348B00F9CFAD /* Products */,
			);
			sourceTree = "<group>";
		};
		013816381D70348B00F9CFAD /* Products */ = {
			isa = PBXGroup;
			children = (
				013816371D70348B00F9CFAD /* MKPointAnnotation-master.app */,
			);
			name = Products;
			sourceTree = "<group>";
		};
		013816391D70348B00F9CFAD /* MKPointAnnotation-master */ = {
			isa = PBXGroup;
			children = (
				013816851D742DA000F9CFAD /* JZLocationConverter */,
				0138163D1D70348B00F9CFAD /* AppDelegate.h */,
				0138163E1D70348B00F9CFAD /* AppDelegate.m */,
				013816401D70348B00F9CFAD /* ViewController.h */,
				013816411D70348B00F9CFAD /* ViewController.m */,
				013816431D70348B00F9CFAD /* Main.storyboard */,
				013816461D70348B00F9CFAD /* Assets.xcassets */,
				013816481D70348B00F9CFAD /* LaunchScreen.storyboard */,
				0138164B1D70348B00F9CFAD /* Info.plist */,
				0138163A1D70348B00F9CFAD /* Supporting Files */,
			);
			path = "MKPointAnnotation-master";
			sourceTree = "<group>";
		};
		0138163A1D70348B00F9CFAD /* Supporting Files */ = {
			isa = PBXGroup;
			children = (
				0138163B1D70348B00F9CFAD /* main.m */,
			);
			name = "Supporting Files";
			sourceTree = "<group>";
		};
		013816851D742DA000F9CFAD /* JZLocationConverter */ = {
			isa = PBXGroup;
			children = (
				013816861D742DA000F9CFAD /* JZLocationConverter.h */,
				013816871D742DA000F9CFAD /* JZLocationConverter.m */,
			);
			path = JZLocationConverter;
			sourceTree = "<group>";
		};
/* End PBXGroup section */

/* Begin PBXNativeTarget section */
		013816361D70348B00F9CFAD /* MKPointAnnotation-master */ = {
			isa = PBXNativeTarget;
			buildConfigurationList = 0138164E1D70348B00F9CFAD /* Build configuration list for PBXNativeTarget "MKPointAnnotation-master" */;
			buildPhases = (
				013816331D70348B00F9CFAD /* Sources */,
				013816341D70348B00F9CFAD /* Frameworks */,
				013816351D70348B00F9CFAD /* Resources */,
			);
			buildRules = (
			);
			dependencies = (
			);
			name = "MKPointAnnotation-master";
			productName = "MKPointAnnotation-master";
			productReference = 013816371D70348B00F9CFAD /* MKPointAnnotation-master.app */;
			productType = "com.apple.product-type.application";
		};
/* End PBXNativeTarget section */

/* Begin PBXProject section */
		0138162F1D70348B00F9CFAD /* Project object */ = {
			isa = PBXProject;
			attributes = {
				LastUpgradeCheck = 0730;
				ORGANIZATIONNAME = huanghy;
				TargetAttributes = {
					013816361D70348B00F9CFAD = {
						CreatedOnToolsVersion = 7.3;
					};
				};
			};
			buildConfigurationList = 013816321D70348B00F9CFAD /* Build configuration list for PBXProject "MKPointAnnotation-master" */;
			compatibilityVersion = "Xcode 3.2";
			developmentRegion = English;
			hasScannedForEncodings = 0;
			knownRegions = (
				en,
				Base,
			);
			mainGroup = 0138162E1D70348B00F9CFAD;
			productRefGroup = 013816381D70348B00F9CFAD /* Products */;
			projectDirPath = "";
			projectRoot = "";
			targets = (
				013816361D70348B00F9CFAD /* MKPointAnnotation-master */,
			);
		};
/* End PBXProject section */

/* Begin PBXResourcesBuildPhase section */
		013816351D70348B00F9CFAD /* Resources */ = {
			isa = PBXResourcesBuildPhase;
			buildActionMask = 2147483647;
			files = (
				0138164A1D70348B00F9CFAD /* LaunchScreen.storyboard in Resources */,
				013816471D70348B00F9CFAD /* Assets.xcassets in Resources */,
				013816451D70348B00F9CFAD /* Main.storyboard in Resources */,
			);
			runOnlyForDeploymentPostprocessing = 0;
		};
/* End PBXResourcesBuildPhase section */

/* Begin PBXSourcesBuildPhase section */
		013816331D70348B00F9CFAD /* Sources */ = {
			isa = PBXSourcesBuildPhase;
			buildActionMask = 2147483647;
			files = (
				013816421D70348B00F9CFAD /* ViewController.m in Sources */,
				013816881D742DA000F9CFAD /* JZLocationConverter.m in Sources */,
				0138163F1D70348B00F9CFAD /* AppDelegate.m in Sources */,
				0138163C1D70348B00F9CFAD /* main.m in Sources */,
			);
			runOnlyForDeploymentPostprocessing = 0;
		};
/* End PBXSourcesBuildPhase section */

/* Begin PBXVariantGroup section */
		013816431D70348B00F9CFAD /* Main.storyboard */ = {
			isa = PBXVariantGroup;
			children = (
				013816441D70348B00F9CFAD /* Base */,
			);
			name = Main.storyboard;
			sourceTree = "<group>";
		};
		013816481D70348B00F9CFAD /* LaunchScreen.storyboard */ = {
			isa = PBXVariantGroup;
			children = (
				013816491D70348B00F9CFAD /* Base */,
			);
			name = LaunchScreen.storyboard;
			sourceTree = "<group>";
		};
/* End PBXVariantGroup section */

/* Begin XCBuildConfiguration section */
		0138164C1D70348B00F9CFAD /* Debug */ = {
			isa = XCBuildConfiguration;
			buildSettings = {
				ALWAYS_SEARCH_USER_PATHS = NO;
				CLANG_ANALYZER_NONNULL = YES;
				CLANG_CXX_LANGUAGE_STANDARD = "gnu++0x";
				CLANG_CXX_LIBRARY = "libc++";
				CLANG_ENABLE_MODULES = YES;
				CLANG_ENABLE_OBJC_ARC = YES;
				CLANG_WARN_BOOL_CONVERSION = YES;
				CLANG_WARN_CONSTANT_CONVERSION = YES;
				CLANG_WARN_DIRECT_OBJC_ISA_USAGE = YES_ERROR;
				CLANG_WARN_EMPTY_BODY = YES;
				CLANG_WARN_ENUM_CONVERSION = YES;
				CLANG_WARN_INT_CONVERSION = YES;
				CLANG_WARN_OBJC_ROOT_CLASS = YES_ERROR;
				CLANG_WARN_UNREACHABLE_CODE = YES;
				CLANG_WARN__DUPLICATE_METHOD_MATCH = YES;
				"CODE_SIGN_IDENTITY[sdk=iphoneos*]" = "iPhone Developer";
				COPY_PHASE_STRIP = NO;
				DEBUG_INFORMATION_FORMAT = dwarf;
				ENABLE_STRICT_OBJC_MSGSEND = YES;
				ENABLE_TESTABILITY = YES;
				GCC_C_LANGUAGE_STANDARD = gnu99;
				GCC_DYNAMIC_NO_PIC = NO;
				GCC_NO_COMMON_BLOCKS = YES;
				GCC_OPTIMIZATION_LEVEL = 0;
				GCC_PREPROCESSOR_DEFINITIONS = (
					"DEBUG=1",
					"$(inherited)",
				);
				GCC_WARN_64_TO_32_BIT_CONVERSION = YES;
				GCC_WARN_ABOUT_RETURN_TYPE = YES_ERROR;
				GCC_WARN_UNDECLARED_SELECTOR = YES;
				GCC_WARN_UNINITIALIZED_AUTOS = YES_AGGRESSIVE;
				GCC_WARN_UNUSED_FUNCTION = YES;
				GCC_WARN_UNUSED_VARIABLE = YES;
				IPHONEOS_DEPLOYMENT_TARGET = 9.3;
				MTL_ENABLE_DEBUG_INFO = YES;
				ONLY_ACTIVE_ARCH = YES;
				SDKROOT = iphoneos;
			};
			name = Debug;
		};
		0138164D1D70348B00F9CFAD /* Release */ = {
			isa = XCBuildConfiguration;
			buildSettings = {
				ALWAYS_SEARCH_USER_PATHS = NO;
				CLANG_ANALYZER_NONNULL = YES;
				CLANG_CXX_LANGUAGE_STANDARD = "gnu++0x";
				CLANG_CXX_LIBRARY = "libc++";
				CLANG_ENABLE_MODULES = YES;
				CLANG_ENABLE_OBJC_ARC = YES;
				CLANG_WARN_BOOL_CONVERSION = YES;
				CLANG_WARN_CONSTANT_CONVERSION = YES;
				CLANG_WARN_DIRECT_OBJC_ISA_USAGE = YES_ERROR;
				CLANG_WARN_EMPTY_BODY = YES;
				CLANG_WARN_ENUM_CONVERSION = YES;
				CLANG_WARN_INT_CONVERSION = YES;
				CLANG_WARN_OBJC_ROOT_CLASS = YES_ERROR;
				CLANG_WARN_UNREACHABLE_CODE = YES;
				CLANG_WARN__DUPLICATE_METHOD_MATCH = YES;
				"CODE_SIGN_IDENTITY[sdk=iphoneos*]" = "iPhone Developer";
				COPY_PHASE_STRIP = NO;
				DEBUG_INFORMATION_FORMAT = "dwarf-with-dsym";
				ENABLE_NS_ASSERTIONS = NO;
				ENABLE_STRICT_OBJC_MSGSEND = YES;
				GCC_C_LANGUAGE_STANDARD = gnu99;
				GCC_NO_COMMON_BLOCKS = YES;
				GCC_WARN_64_TO_32_BIT_CONVERSION = YES;
				GCC_WARN_ABOUT_RETURN_TYPE = YES_ERROR;
				GCC_WARN_UNDECLARED_SELECTOR = YES;
				GCC_WARN_UNINITIALIZED_AUTOS = YES_AGGRESSIVE;
				GCC_WARN_UNUSED_FUNCTION = YES;
				GCC_WARN_UNUSED_VARIABLE = YES;
				IPHONEOS_DEPLOYMENT_TARGET = 9.3;
				MTL_ENABLE_DEBUG_INFO = NO;
				SDKROOT = iphoneos;
				VALIDATE_PRODUCT = YES;
			};
			name = Release;
		};
		0138164F1D70348B00F9CFAD /* Debug */ = {
			isa = XCBuildConfiguration;
			buildSettings = {
				ASSETCATALOG_COMPILER_APPICON_NAME = AppIcon;
				INFOPLIST_FILE = "MKPointAnnotation-master/Info.plist";
				LD_RUNPATH_SEARCH_PATHS = "$(inherited) @executable_path/Frameworks";
				PRODUCT_BUNDLE_IDENTIFIER = "com.huanghy.MKPointAnnotation-master";
				PRODUCT_NAME = "$(TARGET_NAME)";
			};
			name = Debug;
		};
		013816501D70348B00F9CFAD /* Release */ = {
			isa = XCBuildConfiguration;
			buildSettings = {
				ASSETCATALOG_COMPILER_APPICON_NAME = AppIcon;
				INFOPLIST_FILE = "MKPointAnnotation-master/Info.plist";
				LD_RUNPATH_SEARCH_PATHS = "$(inherited) @executable_path/Frameworks";
				PRODUCT_BUNDLE_IDENTIFIER = "com.huanghy.MKPointAnnotation-master";
				PRODUCT_NAME = "$(TARGET_NAME)";
			};
			name = Release;
		};
/* End XCBuildConfiguration section */

/* Begin XCConfigurationList section */
		013816321D70348B00F9CFAD /* Build configuration list for PBXProject "MKPointAnnotation-master" */ = {
			isa = XCConfigurationList;
			buildConfigurations = (
				0138164C1D70348B00F9CFAD /* Debug */,
				0138164D1D70348B00F9CFAD /* Release */,
			);
			defaultConfigurationIsVisible = 0;
			defaultConfigurationName = Release;
		};
		0138164E1D70348B00F9CFAD /* Build configuration list for PBXNativeTarget "MKPointAnnotation-master" */ = {
			isa = XCConfigurationList;
			buildConfigurations = (
				0138164F1D70348B00F9CFAD /* Debug */,
				013816501D70348B00F9CFAD /* Release */,
			);
			defaultConfigurationIsVisible = 0;
			defaultConfigurationName = Release;
		};
/* End XCConfigurationList section */
	};
	rootObject = 0138162F1D70348B00F9CFAD /* Project object */;
}
